
Microsoft Visual Studio Solution File, Format Version 12.00
# Visual Studio 15
VisualStudioVersion = 15.0.28010.2048
MinimumVisualStudioVersion = 10.0.40219.1
Project("{9A19103F-16F7-4668-BE54-9A1E7A4F7556}") = "GameOfLifeEvilRefactoring", "GameOfLifeEvilRefactoring\GameOfLifeEvilRefactoring.csproj", "{72C957B7-7C0D-45E5-B6FB-825E498DDEE6}"
EndProject
Global
	GlobalSection(SolutionConfigurationPlatforms) = preSolution
		Debug|Any CPU = Debug|Any CPU
		Release|Any CPU = Release|Any CPU
	EndGlobalSection
	GlobalSection(ProjectConfigurationPlatforms) = postSolution
		{72C957B7-7C0D-45E5-B6FB-825E498DDEE6}.Debug|Any CPU.ActiveCfg = Debug|Any CPU
		{72C957B7-7C0D-45E5-B6FB-825E498DDEE6}.Debug|Any CPU.Build.0 = Debug|Any CPU
		{72C957B7-7C0D-45E5-B6FB-825E498DDEE6}.Release|Any CPU.ActiveCfg = Release|Any CPU
		{72C957B7-7C0D-45E5-B6FB-825E498DDEE6}.Release|Any CPU.Build.0 = Release|Any CPU
	EndGlobalSection
	GlobalSection(SolutionProperties) = preSolution
		HideSolutionNode = FALSE
	EndGlobalSection
	GlobalSection(ExtensibilityGlobals) = postSolution
		SolutionGuid = {1A830BA2-CDDF-4240-82D6-74064ECCEEB9}
	EndGlobalSection
EndGlobal
